lockfileVersion: '9.0'

settings:
  autoInstallPeers: true
  excludeLinksFromLockfile: false

importers:

  .:
    dependencies:
      '@intzaaa/logger':
        specifier: ^1.1.0
        version: 1.1.0
      '@vercel/ncc':
        specifier: ^0.38.3
        version: 0.38.3
      ansis:
        specifier: ^3.15.0
        version: 3.15.0
      dayjs:
        specifier: ^1.11.13
        version: 1.11.13
      dotenv:
        specifier: ^16.4.7
        version: 16.4.7
      ical.js:
        specifier: ^2.1.0
        version: 2.1.0
      openai:
        specifier: ^4.85.0
        version: 4.85.0(zod@3.24.2)
      zod:
        specifier: ^3.24.2
        version: 3.24.2
    devDependencies:
      '@swc-node/register':
        specifier: ^1.10.9
        version: 1.10.9(@swc/core@1.10.17(@swc/helpers@0.5.15))(@swc/types@0.1.17)(typescript@5.7.3)
      '@typed/curry':
        specifier: ^1.0.1
        version: 1.0.1
      '@types/node':
        specifier: ^22.13.4
        version: 22.13.4
      typescript:
        specifier: ^5.7.3
        version: 5.7.3

packages:

  '@emnapi/core@1.3.1':
    resolution: {integrity: sha512-pVGjBIt1Y6gg3EJN8jTcfpP/+uuRksIo055oE/OBkDNcjZqVbfkWCksG1Jp4yZnj3iKWyWX8fdG/j6UDYPbFog==}

  '@emnapi/runtime@1.3.1':
    resolution: {integrity: sha512-kEBmG8KyqtxJZv+ygbEim+KCGtIq1fC22Ms3S4ziXmYKm8uyoLX0MHONVKwp+9opg390VaKRNt4a7A9NwmpNhw==}

  '@emnapi/wasi-threads@1.0.1':
    resolution: {integrity: sha512-iIBu7mwkq4UQGeMEM8bLwNK962nXdhodeScX4slfQnRhEMMzvYivHhutCIk8uojvmASXXPC2WNEjwxFWk72Oqw==}

  '@intzaaa/logger@1.1.0':
    resolution: {integrity: sha512-2fpVKwe/jmSEhFGJScXRYbLFIB3ovgMVaX9RlMQ2Lbu+qyMhmVsa987U3wvWlpc36aYpbAkCAN53bhKItQX9JQ==}

  '@napi-rs/wasm-runtime@0.2.6':
    resolution: {integrity: sha512-z8YVS3XszxFTO73iwvFDNpQIzdMmSDTP/mB3E/ucR37V3Sx57hSExcXyMoNwaucWxnsWf4xfbZv0iZ30jr0M4Q==}

  '@oxc-resolver/binding-darwin-arm64@1.12.0':
    resolution: {integrity: sha512-wYe+dlF8npM7cwopOOxbdNjtmJp17e/xF5c0K2WooQXy5VOh74icydM33+Uh/SZDgwyum09/U1FVCX5GdeQk+A==}
    cpu: [arm64]
    os: [darwin]

  '@oxc-resolver/binding-darwin-x64@1.12.0':
    resolution: {integrity: sha512-FZxxp99om+SlvBr1cjzF8A3TjYcS0BInCqjUlM+2f9m9bPTR2Bng9Zq5Q09ZQyrKJjfGKqlOEHs3akuVOnrx3Q==}
    cpu: [x64]
    os: [darwin]

  '@oxc-resolver/binding-freebsd-x64@1.12.0':
    resolution: {integrity: sha512-BZi0iU6IEOnXGSkqt1OjTTkN9wfyaK6kTpQwL/axl8eCcNDc7wbv1vloHgILf7ozAY1TP75nsLYlASYI4B5kGA==}
    cpu: [x64]
    os: [freebsd]

  '@oxc-resolver/binding-linux-arm-gnueabihf@1.12.0':
    resolution: {integrity: sha512-L2qnMEnZAqxbG9b1J3di/w/THIm+1fMVfbbTMWIQNMMXdMeqqDN6ojnOLDtuP564rAh4TBFPdLyEfGhMz6ipNA==}
    cpu: [arm]
    os: [linux]

  '@oxc-resolver/binding-linux-arm64-gnu@1.12.0':
    resolution: {integrity: sha512-otVbS4zeo3n71zgGLBYRTriDzc0zpruC0WI3ICwjpIk454cLwGV0yzh4jlGYWQJYJk0BRAmXFd3ooKIF+bKBHw==}
    cpu: [arm64]
    os: [linux]
    libc: [glibc]

  '@oxc-resolver/binding-linux-arm64-musl@1.12.0':
    resolution: {integrity: sha512-IStQDjIT7Lzmqg1i9wXvPL/NsYsxF24WqaQFS8b8rxra+z0VG7saBOsEnOaa4jcEY8MVpLYabFhTV+fSsA2vnA==}
    cpu: [arm64]
    os: [linux]
    libc: [musl]

  '@oxc-resolver/binding-linux-x64-gnu@1.12.0':
    resolution: {integrity: sha512-SipT7EVORz8pOQSFwemOm91TpSiBAGmOjG830/o+aLEsvQ4pEy223+SAnCfITh7+AahldYsJnVoIs519jmIlKQ==}
    cpu: [x64]
    os: [linux]
    libc: [glibc]

  '@oxc-resolver/binding-linux-x64-musl@1.12.0':
    resolution: {integrity: sha512-mGh0XfUzKdn+WFaqPacziNraCWL5znkHRfQVxG9avGS9zb2KC/N1EBbPzFqutDwixGDP54r2gx4q54YCJEZ4iQ==}
    cpu: [x64]
    os: [linux]
    libc: [musl]

  '@oxc-resolver/binding-wasm32-wasi@1.12.0':
    resolution: {integrity: sha512-SZN6v7apKmQf/Vwiqb6e/s3Y2Oacw8uW8V2i1AlxtyaEFvnFE0UBn89zq6swEwE3OCajNWs0yPvgAXUMddYc7Q==}
    engines: {node: '>=14.0.0'}
    cpu: [wasm32]

  '@oxc-resolver/binding-win32-arm64-msvc@1.12.0':
    resolution: {integrity: sha512-GRe4bqCfFsyghruEn5bv47s9w3EWBdO2q72xCz5kpQ0LWbw+enPHtTjw3qX5PUcFYpKykM55FaO0hFDs1yzatw==}
    cpu: [arm64]
    os: [win32]

  '@oxc-resolver/binding-win32-x64-msvc@1.12.0':
    resolution: {integrity: sha512-Z3llHH0jfJP4mlWq3DT7bK6qV+/vYe0+xzCgfc67+Tc/U3eYndujl880bexeGdGNPh87JeYznpZAOJ44N7QVVQ==}
    cpu: [x64]
    os: [win32]

  '@swc-node/core@1.13.3':
    resolution: {integrity: sha512-OGsvXIid2Go21kiNqeTIn79jcaX4l0G93X2rAnas4LFoDyA9wAwVK7xZdm+QsKoMn5Mus2yFLCc4OtX2dD/PWA==}
    engines: {node: '>= 10'}
    peerDependencies:
      '@swc/core': '>= 1.4.13'
      '@swc/types': '>= 0.1'

  '@swc-node/register@1.10.9':
    resolution: {integrity: sha512-iXy2sjP0phPEpK2yivjRC3PAgoLaT4sjSk0LDWCTdcTBJmR4waEog0E6eJbvoOkLkOtWw37SB8vCkl/bbh4+8A==}
    peerDependencies:
      '@swc/core': '>= 1.4.13'
      typescript: '>= 4.3'

  '@swc-node/sourcemap-support@0.5.1':
    resolution: {integrity: sha512-JxIvIo/Hrpv0JCHSyRpetAdQ6lB27oFYhv0PKCNf1g2gUXOjpeR1exrXccRxLMuAV5WAmGFBwRnNOJqN38+qtg==}

  '@swc/core-darwin-arm64@1.10.17':
    resolution: {integrity: sha512-LSQhSjESleTc0c45BnVKRacp9Nl4zhJMlV/nmhpFCOv/CqHI5YBDX5c9bPk9jTRNHIf0QH92uTtswt8yN++TCQ==}
    engines: {node: '>=10'}
    cpu: [arm64]
    os: [darwin]

  '@swc/core-darwin-x64@1.10.17':
    resolution: {integrity: sha512-TTaZFS4jLuA3y6+D2HYv4yVGhmjkOGG6KyAwBiJEeoUaazX5MYOyQwaZBPhRGtzHZFrzi4t4jNix4kAkMajPkQ==}
    engines: {node: '>=10'}
    cpu: [x64]
    os: [darwin]

  '@swc/core-linux-arm-gnueabihf@1.10.17':
    resolution: {integrity: sha512-8P+ESJyGnVdJi0nUcQfxkbTiB/7hnu6N3U72KbvHFBcuroherwzW4DId1XD4RTU2Cjsh1dztZoCcOLY8W9RW1Q==}
    engines: {node: '>=10'}
    cpu: [arm]
    os: [linux]

  '@swc/core-linux-arm64-gnu@1.10.17':
    resolution: {integrity: sha512-zT21jDQCe+IslzOtw+BD/9ElO/H4qU4fkkOeVQ68PcxuqYS2gwyDxWqa9IGwpzWexYM+Lzi1rAbl/1BM6nGW8Q==}
    engines: {node: '>=10'}
    cpu: [arm64]
    os: [linux]
    libc: [glibc]

  '@swc/core-linux-arm64-musl@1.10.17':
    resolution: {integrity: sha512-C2jaW1X+93HscVcesKYgSuZ9GaKqKcQvwvD+q+4JZkaKF4Zopt/aguc6Tmn/nuavRk0WV8yVCpHXoP7lz/2akA==}
    engines: {node: '>=10'}
    cpu: [arm64]
    os: [linux]
    libc: [musl]

  '@swc/core-linux-x64-gnu@1.10.17':
    resolution: {integrity: sha512-vfyxqV5gddurG2NVJLemR/68s7GTe0QruozrZiDpNqr9V4VX9t3PadDKMDAvQz6jKrtiqMtshNXQTNRKAKlzFw==}
    engines: {node: '>=10'}
    cpu: [x64]
    os: [linux]
    libc: [glibc]

  '@swc/core-linux-x64-musl@1.10.17':
    resolution: {integrity: sha512-8M+nI5MHZGQUnXyfTLsGw85a3oQRXMsFjgMZuOEJO9ZGBIEnYVuWOxENfcP6MmlJmTOW+cJxHnMGhKY+fjcntw==}
    engines: {node: '>=10'}
    cpu: [x64]
    os: [linux]
    libc: [musl]

  '@swc/core-win32-arm64-msvc@1.10.17':
    resolution: {integrity: sha512-iUeIBFM6c/NwsreLFSAH395Dahc+54mSi0Kq//IrZ2Y16VlqCV7VHdOIMrdAyDoBFUvh0jKuLJPWt+jlKGtSLg==}
    engines: {node: '>=10'}
    cpu: [arm64]
    os: [win32]

  '@swc/core-win32-ia32-msvc@1.10.17':
    resolution: {integrity: sha512-lPXYFvkfYIN8HdNmG6dCnQqgA+rOSTgeAjIhGsYCEyLsYkkhF2FQw34OF6PnWawQ6hOdOE9v6Bw3T4enj3Lb6w==}
    engines: {node: '>=10'}
    cpu: [ia32]
    os: [win32]

  '@swc/core-win32-x64-msvc@1.10.17':
    resolution: {integrity: sha512-KrnkFEWpBmxSe8LixhAZXeeUwTNDVukrPeXJ1PiG+pmb5nI989I9J9IQVIgBv+JXXaK+rmiWjlcIkphaDJJEAA==}
    engines: {node: '>=10'}
    cpu: [x64]
    os: [win32]

  '@swc/core@1.10.17':
    resolution: {integrity: sha512-FXZx7jHpiwz4fTuuueWwsvN7VFLSoeS3mcxCTPUNOHs/K2ecaBO+slh5T5Xvt/KGuD2I/2T8G6Zts0maPkt2lQ==}
    engines: {node: '>=10'}
    peerDependencies:
      '@swc/helpers': '*'
    peerDependenciesMeta:
      '@swc/helpers':
        optional: true

  '@swc/counter@0.1.3':
    resolution: {integrity: sha512-e2BR4lsJkkRlKZ/qCHPw9ZaSxc0MVUd7gtbtaB7aMvHeJVYe8sOB8DBZkP2DtISHGSku9sCK6T6cnY0CtXrOCQ==}

  '@swc/helpers@0.5.15':
    resolution: {integrity: sha512-JQ5TuMi45Owi4/BIMAJBoSQoOJu12oOk/gADqlcUL9JEdHB8vyjUSsxqeNXnmXHjYKMi2WcYtezGEEhqUI/E2g==}

  '@swc/types@0.1.17':
    resolution: {integrity: sha512-V5gRru+aD8YVyCOMAjMpWR1Ui577DD5KSJsHP8RAxopAH22jFz6GZd/qxqjO6MJHQhcsjvjOFXyDhyLQUnMveQ==}

  '@tybys/wasm-util@0.9.0':
    resolution: {integrity: sha512-6+7nlbMVX/PVDCwaIQ8nTOPveOcFLSt8GcXdx8hD0bt39uWxYT88uXzqTd4fTvqta7oeUJqudepapKNt2DYJFw==}

  '@typed/curry@1.0.1':
    resolution: {integrity: sha512-ifSe9XfT+K0pycWdfIAOJda0gqHCjqMXqv+Ecb0mm6uCOI6SnDXykl7vU1lOafZbuptAmeFbdBqj+093GX5GxQ==}

  '@types/node-fetch@2.6.12':
    resolution: {integrity: sha512-8nneRWKCg3rMtF69nLQJnOYUcbafYeFSjqkw3jCRLsqkWFlHaoQrr5mXmofFGOx3DKn7UfmBMyov8ySvLRVldA==}

  '@types/node@18.19.76':
    resolution: {integrity: sha512-yvR7Q9LdPz2vGpmpJX5LolrgRdWvB67MJKDPSgIIzpFbaf9a1j/f5DnLp5VDyHGMR0QZHlTr1afsD87QCXFHKw==}

  '@types/node@22.13.4':
    resolution: {integrity: sha512-ywP2X0DYtX3y08eFVx5fNIw7/uIv8hYUKgXoK8oayJlLnKcRfEYCxWMVE1XagUdVtCJlZT1AU4LXEABW+L1Peg==}

  '@vercel/ncc@0.38.3':
    resolution: {integrity: sha512-rnK6hJBS6mwc+Bkab+PGPs9OiS0i/3kdTO+CkI8V0/VrW3vmz7O2Pxjw/owOlmo6PKEIxRSeZKv/kuL9itnpYA==}
    hasBin: true

  abort-controller@3.0.0:
    resolution: {integrity: sha512-h8lQ8tacZYnR3vNQTgibj+tODHI5/+l06Au2Pcriv/Gmet0eaj4TwWH41sO9wnHDiQsEj19q0drzdWdeAHtweg==}
    engines: {node: '>=6.5'}

  agentkeepalive@4.6.0:
    resolution: {integrity: sha512-kja8j7PjmncONqaTsB8fQ+wE2mSU2DJ9D4XKoJ5PFWIdRMa6SLSN1ff4mOr4jCbfRSsxR4keIiySJU0N9T5hIQ==}
    engines: {node: '>= 8.0.0'}

  ansis@3.15.0:
    resolution: {integrity: sha512-zIcWDJ+Kwqxfdnogx66Gxzr0kVmCcRAdat9nlY2IHsshqTN4fBH6tMeRMPA/2w0rpBayIJvjQAaa2/4RDrNqwg==}
    engines: {node: '>=14'}

  asynckit@0.4.0:
    resolution: {integrity: sha512-Oei9OH4tRh0YqU3GxhX79dM/mwVgvbZJaSNaRk+bshkj0S5cfHcgYakreBjrHwatXKbz+IoIdYLxrKim2MjW0Q==}

  buffer-from@1.1.2:
    resolution: {integrity: sha512-E+XQCRwSbaaiChtv6k6Dwgc+bx+Bs6vuKJHHl5kox/BaKbhiXzqQOwK4cO22yElGp2OCmjwVhT3HmxgyPGnJfQ==}

  chalk@5.4.1:
    resolution: {integrity: sha512-zgVZuo2WcZgfUEmsn6eO3kINexW8RAE4maiQ8QNs8CtpPCSyMiYsULR3HQYkm3w8FIA3SberyMJMSldGsW+U3w==}
    engines: {node: ^12.17.0 || ^14.13 || >=16.0.0}

  colorette@2.0.20:
    resolution: {integrity: sha512-IfEDxwoWIjkeXL1eXcDiow4UbKjhLdq6/EuSVR9GMN7KVH3r9gQ83e73hsz1Nd1T3ijd5xv1wcWRYO+D6kCI2w==}

  combined-stream@1.0.8:
    resolution: {integrity: sha512-FQN4MRfuJeHf7cBbBMJFXhKSDq+2kAArBlmRBvcvFE5BB1HZKXtSFASDhdlz9zOYwxh8lDdnvmMOe/+5cdoEdg==}
    engines: {node: '>= 0.8'}

  dayjs@1.11.13:
    resolution: {integrity: sha512-oaMBel6gjolK862uaPQOVTA7q3TZhuSvuMQAAglQDOWYO9A91IrAOUJEyKVlqJlHE0vq5p5UXxzdPfMH/x6xNg==}

  debug@4.4.0:
    resolution: {integrity: sha512-6WTZ/IxCY/T6BALoZHaE4ctp9xm+Z5kY/pzYaCHRFeyVhojxlrm+46y68HA6hr0TcwEssoxNiDEUJQjfPZ/RYA==}
    engines: {node: '>=6.0'}
    peerDependencies:
      supports-color: '*'
    peerDependenciesMeta:
      supports-color:
        optional: true

  delayed-stream@1.0.0:
    resolution: {integrity: sha512-ZySD7Nf91aLB0RxL4KGrKHBXl7Eds1DAmEdcoVawXnLD7SDhpNgtuII2aAkg7a7QS41jxPSZ17p4VdGnMHk3MQ==}
    engines: {node: '>=0.4.0'}

  dotenv@16.4.7:
    resolution: {integrity: sha512-47qPchRCykZC03FhkYAhrvwU4xDBFIj1QPqaarj6mdM/hgUzfPHcpkHJOn3mJAufFeeAxAzeGsr5X0M4k6fLZQ==}
    engines: {node: '>=12'}

  event-target-shim@5.0.1:
    resolution: {integrity: sha512-i/2XbnSz/uxRCU6+NdVJgKWDTM427+MqYbkQzD321DuCQJUqOuJKIA0IM2+W2xtYHdKOmZ4dR6fExsd4SXL+WQ==}
    engines: {node: '>=6'}

  form-data-encoder@1.7.2:
    resolution: {integrity: sha512-qfqtYan3rxrnCk1VYaA4H+Ms9xdpPqvLZa6xmMgFvhO32x7/3J/ExcTd6qpxM0vH2GdMI+poehyBZvqfMTto8A==}

  form-data@4.0.1:
    resolution: {integrity: sha512-tzN8e4TX8+kkxGPK8D5u0FNmjPUjw3lwC9lSLxxoB/+GtsJG91CO8bSWy73APlgAZzZbXEYZJuxjkHH2w+Ezhw==}
    engines: {node: '>= 6'}

  formdata-node@4.4.1:
    resolution: {integrity: sha512-0iirZp3uVDjVGt9p49aTaqjk84TrglENEDuqfdlZQ1roC9CWlPk6Avf8EEnZNcAqPonwkG35x4n3ww/1THYAeQ==}
    engines: {node: '>= 12.20'}

  humanize-ms@1.2.1:
    resolution: {integrity: sha512-Fl70vYtsAFb/C06PTS9dZBo7ihau+Tu/DNCk/OyHhea07S+aeMWpFFkUaXRa8fI+ScZbEI8dfSxwY7gxZ9SAVQ==}

  ical.js@2.1.0:
    resolution: {integrity: sha512-BOVfrH55xQ6kpS3muGvIXIg2l7p+eoe12/oS7R5yrO3TL/j/bLsR0PR+tYQESFbyTbvGgPHn9zQ6tI4FWyuSaQ==}

  mime-db@1.52.0:
    resolution: {integrity: sha512-sPU4uV7dYlvtWJxwwxHD0PuihVNiE7TyAbQ5SWxDCB9mUYvOgroQOwYQQOKPJ8CIbE+1ETVlOoK1UC2nU3gYvg==}
    engines: {node: '>= 0.6'}

  mime-types@2.1.35:
    resolution: {integrity: sha512-ZDY+bPm5zTTF+YpCrAU9nK0UgICYPT0QtT1NZWFv4s++TNkcgVaT0g6+4R2uI4MjQjzysHB1zxuWL50hzaeXiw==}
    engines: {node: '>= 0.6'}

  ms@2.1.3:
    resolution: {integrity: sha512-6FlzubTLZG3J2a/NVCAleEhjzq5oxgHyaCU9yYXvcLsvoVaHJq/s5xXI6/XXP6tz7R9xAOtHnSO/tXtF3WRTlA==}

  node-domexception@1.0.0:
    resolution: {integrity: sha512-/jKZoMpw0F8GRwl4/eLROPA3cfcXtLApP0QzLmUT/HuPCZWyB7IY9ZrMeKw2O/nFIqPQB3PVM9aYm0F312AXDQ==}
    engines: {node: '>=10.5.0'}

  node-fetch@2.7.0:
    resolution: {integrity: sha512-c4FRfUm/dbcWZ7U+1Wq0AwCyFL+3nt2bEw05wfxSz+DWpWsitgmSgYmy2dQdWyKC1694ELPqMs/YzUSNozLt8A==}
    engines: {node: 4.x || >=6.0.0}
    peerDependencies:
      encoding: ^0.1.0
    peerDependenciesMeta:
      encoding:
        optional: true

  openai@4.85.0:
    resolution: {integrity: sha512-HRpbTBViDmccPU3PqPkv95ohkzcnSNQ7ERKNftUgB3kD/rbG45PdTPLPFnaWTS5DsDlGD41OH4BwanNW/tt+Ww==}
    hasBin: true
    peerDependencies:
      ws: ^8.18.0
      zod: ^3.23.8
    peerDependenciesMeta:
      ws:
        optional: true
      zod:
        optional: true

  oxc-resolver@1.12.0:
    resolution: {integrity: sha512-YlaCIArvWNKCWZFRrMjhh2l5jK80eXnpYP+bhRc1J/7cW3TiyEY0ngJo73o/5n8hA3+4yLdTmXLNTQ3Ncz50LQ==}

  pirates@4.0.6:
    resolution: {integrity: sha512-saLsH7WeYYPiD25LDuLRRY/i+6HaPYr6G1OUlN39otzkSTxKnubR9RTxS3/Kk50s1g2JTgFwWQDQyplC5/SHZg==}
    engines: {node: '>= 6'}

  source-map-support@0.5.21:
    resolution: {integrity: sha512-uBHU3L3czsIyYXKX88fdrGovxdSCoTGDRZ6SYXtSRxLZUzHg5P/66Ht6uoUlHu9EZod+inXhKo3qQgwXUT/y1w==}

  source-map@0.6.1:
    resolution: {integrity: sha512-UjgapumWlbMhkBgzT7Ykc5YXUT46F0iKu8SGXq0bcwP5dz/h0Plj6enJqjz1Zbq2l5WaqYnrVbwWOWMyF3F47g==}
    engines: {node: '>=0.10.0'}

  tr46@0.0.3:
    resolution: {integrity: sha512-N3WMsuqV66lT30CrXNbEjx4GEwlow3v6rr4mCcv6prnfwhS01rkgyFdjPNBYd9br7LpXV1+Emh01fHnq2Gdgrw==}

  tslib@2.8.1:
    resolution: {integrity: sha512-oJFu94HQb+KVduSUQL7wnpmqnfmLsOA/nAh6b6EH0wCEoK0/mPeXU6c3wKDV83MkOuHPRHtSXKKU99IBazS/2w==}

  typescript@5.7.3:
    resolution: {integrity: sha512-84MVSjMEHP+FQRPy3pX9sTVV/INIex71s9TL2Gm5FG/WG1SqXeKyZ0k7/blY/4FdOzI12CBy1vGc4og/eus0fw==}
    engines: {node: '>=14.17'}
    hasBin: true

  undici-types@5.26.5:
    resolution: {integrity: sha512-JlCMO+ehdEIKqlFxk6IfVoAUVmgz7cU7zD/h9XZ0qzeosSHmUJVOzSQvvYSYWXkFXC+IfLKSIffhv0sVZup6pA==}

  undici-types@6.20.0:
    resolution: {integrity: sha512-Ny6QZ2Nju20vw1SRHe3d9jVu6gJ+4e3+MMpqu7pqE5HT6WsTSlce++GQmK5UXS8mzV8DSYHrQH+Xrf2jVcuKNg==}

  web-streams-polyfill@4.0.0-beta.3:
    resolution: {integrity: sha512-QW95TCTaHmsYfHDybGMwO5IJIM93I/6vTRk+daHTWFPhwh+C8Cg7j7XyKrwrj8Ib6vYXe0ocYNrmzY4xAAN6ug==}
    engines: {node: '>= 14'}

  webidl-conversions@3.0.1:
    resolution: {integrity: sha512-2JAn3z8AR6rjK8Sm8orRC0h/bcl/DqL7tRPdGZ4I1CjdF+EaMLmYxBHyXuKL849eucPFhvBoxMsflfOb8kxaeQ==}

  whatwg-url@5.0.0:
    resolution: {integrity: sha512-saE57nupxk6v3HY35+jzBwYa0rKSy0XR8JSxZPwgLr7ys0IBzhGviA1/TUGJLmSVqs8pb9AnvICXEuOHLprYTw==}

  zod@3.24.2:
    resolution: {integrity: sha512-lY7CDW43ECgW9u1TcT3IoXHflywfVqDYze4waEz812jR/bZ8FHDsl7pFQoSZTz5N+2NqRXs8GBwnAwo3ZNxqhQ==}

snapshots:

  '@emnapi/core@1.3.1':
    dependencies:
      '@emnapi/wasi-threads': 1.0.1
      tslib: 2.8.1
    optional: true

  '@emnapi/runtime@1.3.1':
    dependencies:
      tslib: 2.8.1
    optional: true

  '@emnapi/wasi-threads@1.0.1':
    dependencies:
      tslib: 2.8.1
    optional: true

  '@intzaaa/logger@1.1.0':
    dependencies:
      chalk: 5.4.1

  '@napi-rs/wasm-runtime@0.2.6':
    dependencies:
      '@emnapi/core': 1.3.1
      '@emnapi/runtime': 1.3.1
      '@tybys/wasm-util': 0.9.0
    optional: true

  '@oxc-resolver/binding-darwin-arm64@1.12.0':
    optional: true

  '@oxc-resolver/binding-darwin-x64@1.12.0':
    optional: true

  '@oxc-resolver/binding-freebsd-x64@1.12.0':
    optional: true

  '@oxc-resolver/binding-linux-arm-gnueabihf@1.12.0':
    optional: true

  '@oxc-resolver/binding-linux-arm64-gnu@1.12.0':
    optional: true

  '@oxc-resolver/binding-linux-arm64-musl@1.12.0':
    optional: true

  '@oxc-resolver/binding-linux-x64-gnu@1.12.0':
    optional: true

  '@oxc-resolver/binding-linux-x64-musl@1.12.0':
    optional: true

  '@oxc-resolver/binding-wasm32-wasi@1.12.0':
    dependencies:
      '@napi-rs/wasm-runtime': 0.2.6
    optional: true

  '@oxc-resolver/binding-win32-arm64-msvc@1.12.0':
    optional: true

  '@oxc-resolver/binding-win32-x64-msvc@1.12.0':
    optional: true

  '@swc-node/core@1.13.3(@swc/core@1.10.17(@swc/helpers@0.5.15))(@swc/types@0.1.17)':
    dependencies:
      '@swc/core': 1.10.17(@swc/helpers@0.5.15)
      '@swc/types': 0.1.17

  '@swc-node/register@1.10.9(@swc/core@1.10.17(@swc/helpers@0.5.15))(@swc/types@0.1.17)(typescript@5.7.3)':
    dependencies:
      '@swc-node/core': 1.13.3(@swc/core@1.10.17(@swc/helpers@0.5.15))(@swc/types@0.1.17)
      '@swc-node/sourcemap-support': 0.5.1
      '@swc/core': 1.10.17(@swc/helpers@0.5.15)
      colorette: 2.0.20
      debug: 4.4.0
      oxc-resolver: 1.12.0
      pirates: 4.0.6
      tslib: 2.8.1
      typescript: 5.7.3
    transitivePeerDependencies:
      - '@swc/types'
      - supports-color

  '@swc-node/sourcemap-support@0.5.1':
    dependencies:
      source-map-support: 0.5.21
      tslib: 2.8.1

  '@swc/core-darwin-arm64@1.10.17':
    optional: true

  '@swc/core-darwin-x64@1.10.17':
    optional: true

  '@swc/core-linux-arm-gnueabihf@1.10.17':
    optional: true

  '@swc/core-linux-arm64-gnu@1.10.17':
    optional: true

  '@swc/core-linux-arm64-musl@1.10.17':
    optional: true

  '@swc/core-linux-x64-gnu@1.10.17':
    optional: true

  '@swc/core-linux-x64-musl@1.10.17':
    optional: true

  '@swc/core-win32-arm64-msvc@1.10.17':
    optional: true

  '@swc/core-win32-ia32-msvc@1.10.17':
    optional: true

  '@swc/core-win32-x64-msvc@1.10.17':
    optional: true

  '@swc/core@1.10.17(@swc/helpers@0.5.15)':
    dependencies:
      '@swc/counter': 0.1.3
      '@swc/types': 0.1.17
    optionalDependencies:
      '@swc/core-darwin-arm64': 1.10.17
      '@swc/core-darwin-x64': 1.10.17
      '@swc/core-linux-arm-gnueabihf': 1.10.17
      '@swc/core-linux-arm64-gnu': 1.10.17
      '@swc/core-linux-arm64-musl': 1.10.17
      '@swc/core-linux-x64-gnu': 1.10.17
      '@swc/core-linux-x64-musl': 1.10.17
      '@swc/core-win32-arm64-msvc': 1.10.17
      '@swc/core-win32-ia32-msvc': 1.10.17
      '@swc/core-win32-x64-msvc': 1.10.17
      '@swc/helpers': 0.5.15

  '@swc/counter@0.1.3': {}

  '@swc/helpers@0.5.15':
    dependencies:
      tslib: 2.8.1
    optional: true

  '@swc/types@0.1.17':
    dependencies:
      '@swc/counter': 0.1.3

  '@tybys/wasm-util@0.9.0':
    dependencies:
      tslib: 2.8.1
    optional: true

  '@typed/curry@1.0.1': {}

  '@types/node-fetch@2.6.12':
    dependencies:
      '@types/node': 22.13.4
      form-data: 4.0.1

  '@types/node@18.19.76':
    dependencies:
      undici-types: 5.26.5

  '@types/node@22.13.4':
    dependencies:
      undici-types: 6.20.0

  '@vercel/ncc@0.38.3': {}

  abort-controller@3.0.0:
    dependencies:
      event-target-shim: 5.0.1

  agentkeepalive@4.6.0:
    dependencies:
      humanize-ms: 1.2.1

  ansis@3.15.0: {}

  asynckit@0.4.0: {}

  buffer-from@1.1.2: {}

  chalk@5.4.1: {}

  colorette@2.0.20: {}

  combined-stream@1.0.8:
    dependencies:
      delayed-stream: 1.0.0

  dayjs@1.11.13: {}

  debug@4.4.0:
    dependencies:
      ms: 2.1.3

  delayed-stream@1.0.0: {}

  dotenv@16.4.7: {}

  event-target-shim@5.0.1: {}

  form-data-encoder@1.7.2: {}

  form-data@4.0.1:
    dependencies:
      asynckit: 0.4.0
      combined-stream: 1.0.8
      mime-types: 2.1.35

  formdata-node@4.4.1:
    dependencies:
      node-domexception: 1.0.0
      web-streams-polyfill: 4.0.0-beta.3

  humanize-ms@1.2.1:
    dependencies:
      ms: 2.1.3

  ical.js@2.1.0: {}

  mime-db@1.52.0: {}

  mime-types@2.1.35:
    dependencies:
      mime-db: 1.52.0

  ms@2.1.3: {}

  node-domexception@1.0.0: {}

  node-fetch@2.7.0:
    dependencies:
      whatwg-url: 5.0.0

  openai@4.85.0(zod@3.24.2):
    dependencies:
      '@types/node': 18.19.76
      '@types/node-fetch': 2.6.12
      abort-controller: 3.0.0
      agentkeepalive: 4.6.0
      form-data-encoder: 1.7.2
      formdata-node: 4.4.1
      node-fetch: 2.7.0
    optionalDependencies:
      zod: 3.24.2
    transitivePeerDependencies:
      - encoding

  oxc-resolver@1.12.0:
    optionalDependencies:
      '@oxc-resolver/binding-darwin-arm64': 1.12.0
      '@oxc-resolver/binding-darwin-x64': 1.12.0
      '@oxc-resolver/binding-freebsd-x64': 1.12.0
      '@oxc-resolver/binding-linux-arm-gnueabihf': 1.12.0
      '@oxc-resolver/binding-linux-arm64-gnu': 1.12.0
      '@oxc-resolver/binding-linux-arm64-musl': 1.12.0
      '@oxc-resolver/binding-linux-x64-gnu': 1.12.0
      '@oxc-resolver/binding-linux-x64-musl': 1.12.0
      '@oxc-resolver/binding-wasm32-wasi': 1.12.0
      '@oxc-resolver/binding-win32-arm64-msvc': 1.12.0
      '@oxc-resolver/binding-win32-x64-msvc': 1.12.0

  pirates@4.0.6: {}

  source-map-support@0.5.21:
    dependencies:
      buffer-from: 1.1.2
      source-map: 0.6.1

  source-map@0.6.1: {}

  tr46@0.0.3: {}

  tslib@2.8.1: {}

  typescript@5.7.3: {}

  undici-types@5.26.5: {}

  undici-types@6.20.0: {}

  web-streams-polyfill@4.0.0-beta.3: {}

  webidl-conversions@3.0.1: {}

  whatwg-url@5.0.0:
    dependencies:
      tr46: 0.0.3
      webidl-conversions: 3.0.1

  zod@3.24.2: {}
